
Microsoft Visual Studio Solution File, Format Version 12.00
# Visual Studio Version 17
VisualStudioVersion = 17.8.34408.163
MinimumVisualStudioVersion = 10.0.40219.1
Project("{2150E333-8FDC-42A3-9474-1A3956D46DE8}") = "src", "src", "{158B6B86-1B0D-4181-8453-E1A49BDD2D63}"
EndProject
Project("{2150E333-8FDC-42A3-9474-1A3956D46DE8}") = "Web", "Web", "{3465A9B8-E94B-40B2-8AC4-BFFD7E977D3F}"
EndProject
Project("{9A19103F-16F7-4668-BE54-9A1E7A4F7556}") = "Hospital.WebAPI", "src\Web\Hospital.WebAPI\Hospital.WebAPI.csproj", "{74871D22-6EB9-4D67-8098-7672375BBC6B}"
EndProject
Project("{2150E333-8FDC-42A3-9474-1A3956D46DE8}") = "Core", "Core", "{32C8DE7F-18EF-4752-AB78-8AC21B609E29}"
EndProject
Project("{9A19103F-16F7-4668-BE54-9A1E7A4F7556}") = "Hospital.Domain", "src\Core\Hospital.Domain\Hospital.Domain.csproj", "{64B25FCE-21D3-4DD6-8A77-BA5AEA102AAD}"
EndProject
Project("{9A19103F-16F7-4668-BE54-9A1E7A4F7556}") = "Hospital.Core", "src\Core\Hospital.Core\Hospital.Core.csproj", "{1558A48C-8797-4FEF-A665-ED89DBAC9C6D}"
EndProject
Project("{2150E333-8FDC-42A3-9474-1A3956D46DE8}") = "Persistence", "Persistence", "{0F292DCA-27CA-4AEC-A5CE-B0326F7675FA}"
EndProject
Project("{9A19103F-16F7-4668-BE54-9A1E7A4F7556}") = "Hospital.Contracts", "src\Web\Hospital.Contracts\Hospital.Contracts.csproj", "{0A2A793F-C5D2-4BF2-8235-952EFEC89886}"
EndProject
Project("{FAE04EC0-301F-11D3-BF4B-00C04F79EFBC}") = "Hospital.Data.MsSql", "src\Persistence\Hospital.Data.MsSql\Hospital.Data.MsSql.csproj", "{1A5164B2-E19F-40BB-A226-D0D918AB0CCE}"
EndProject
Global
	GlobalSection(SolutionConfigurationPlatforms) = preSolution
		Debug|Any CPU = Debug|Any CPU
		Release|Any CPU = Release|Any CPU
	EndGlobalSection
	GlobalSection(ProjectConfigurationPlatforms) = postSolution
		{74871D22-6EB9-4D67-8098-7672375BBC6B}.Debug|Any CPU.ActiveCfg = Debug|Any CPU
		{74871D22-6EB9-4D67-8098-7672375BBC6B}.Debug|Any CPU.Build.0 = Debug|Any CPU
		{74871D22-6EB9-4D67-8098-7672375BBC6B}.Release|Any CPU.ActiveCfg = Release|Any CPU
		{74871D22-6EB9-4D67-8098-7672375BBC6B}.Release|Any CPU.Build.0 = Release|Any CPU
		{64B25FCE-21D3-4DD6-8A77-BA5AEA102AAD}.Debug|Any CPU.ActiveCfg = Debug|Any CPU
		{64B25FCE-21D3-4DD6-8A77-BA5AEA102AAD}.Debug|Any CPU.Build.0 = Debug|Any CPU
		{64B25FCE-21D3-4DD6-8A77-BA5AEA102AAD}.Release|Any CPU.ActiveCfg = Release|Any CPU
		{64B25FCE-21D3-4DD6-8A77-BA5AEA102AAD}.Release|Any CPU.Build.0 = Release|Any CPU
		{1558A48C-8797-4FEF-A665-ED89DBAC9C6D}.Debug|Any CPU.ActiveCfg = Debug|Any CPU
		{1558A48C-8797-4FEF-A665-ED89DBAC9C6D}.Debug|Any CPU.Build.0 = Debug|Any CPU
		{1558A48C-8797-4FEF-A665-ED89DBAC9C6D}.Release|Any CPU.ActiveCfg = Release|Any CPU
		{1558A48C-8797-4FEF-A665-ED89DBAC9C6D}.Release|Any CPU.Build.0 = Release|Any CPU
		{0A2A793F-C5D2-4BF2-8235-952EFEC89886}.Debug|Any CPU.ActiveCfg = Debug|Any CPU
		{0A2A793F-C5D2-4BF2-8235-952EFEC89886}.Debug|Any CPU.Build.0 = Debug|Any CPU
		{0A2A793F-C5D2-4BF2-8235-952EFEC89886}.Release|Any CPU.ActiveCfg = Release|Any CPU
		{0A2A793F-C5D2-4BF2-8235-952EFEC89886}.Release|Any CPU.Build.0 = Release|Any CPU
		{1A5164B2-E19F-40BB-A226-D0D918AB0CCE}.Debug|Any CPU.ActiveCfg = Debug|Any CPU
		{1A5164B2-E19F-40BB-A226-D0D918AB0CCE}.Debug|Any CPU.Build.0 = Debug|Any CPU
		{1A5164B2-E19F-40BB-A226-D0D918AB0CCE}.Release|Any CPU.ActiveCfg = Release|Any CPU
		{1A5164B2-E19F-40BB-A226-D0D918AB0CCE}.Release|Any CPU.Build.0 = Release|Any CPU
	EndGlobalSection
	GlobalSection(SolutionProperties) = preSolution
		HideSolutionNode = FALSE
	EndGlobalSection
	GlobalSection(NestedProjects) = preSolution
		{3465A9B8-E94B-40B2-8AC4-BFFD7E977D3F} = {158B6B86-1B0D-4181-8453-E1A49BDD2D63}
		{74871D22-6EB9-4D67-8098-7672375BBC6B} = {3465A9B8-E94B-40B2-8AC4-BFFD7E977D3F}
		{32C8DE7F-18EF-4752-AB78-8AC21B609E29} = {158B6B86-1B0D-4181-8453-E1A49BDD2D63}
		{64B25FCE-21D3-4DD6-8A77-BA5AEA102AAD} = {32C8DE7F-18EF-4752-AB78-8AC21B609E29}
		{1558A48C-8797-4FEF-A665-ED89DBAC9C6D} = {32C8DE7F-18EF-4752-AB78-8AC21B609E29}
		{0F292DCA-27CA-4AEC-A5CE-B0326F7675FA} = {158B6B86-1B0D-4181-8453-E1A49BDD2D63}
		{0A2A793F-C5D2-4BF2-8235-952EFEC89886} = {3465A9B8-E94B-40B2-8AC4-BFFD7E977D3F}
		{1A5164B2-E19F-40BB-A226-D0D918AB0CCE} = {0F292DCA-27CA-4AEC-A5CE-B0326F7675FA}
	EndGlobalSection
	GlobalSection(ExtensibilityGlobals) = postSolution
		SolutionGuid = {ACF8D381-CC33-40AB-9B68-361DC82BB332}
	EndGlobalSection
EndGlobal
